<?xml version="1.0" encoding="utf-8"?>
<Project ToolsVersion="4.0" xmlns="http://schemas.microsoft.com/developer/msbuild/2003">
  <ItemGroup>
    <Filter Include="Source Files">
      <UniqueIdentifier>{4FC737F1-C7A5-4376-A066-2A32D752A2FF}</UniqueIdentifier>
      <Extensions>cpp;c;cc;cxx;def;odl;idl;hpj;bat;asm;asmx</Extensions>
    </Filter>
    <Filter Include="Header Files">
      <UniqueIdentifier>{93995380-89BD-4b04-88EB-625FBE52EBFB}</UniqueIdentifier>
      <Extensions>h;hpp;hxx;hm;inl;inc;xsd</Extensions>
    </Filter>
    <Filter Include="Resource Files">
      <UniqueIdentifier>{67DA6AB6-F800-4c08-8B7A-83BB121AAD01}</UniqueIdentifier>
      <Extensions>rc;ico;cur;bmp;dlg;rc2;rct;bin;rgs;gif;jpg;jpeg;jpe;resx;tiff;tif;png;wav;mfcribbon-ms</Extensions>
    </Filter>
    <Filter Include="Driver Files">
      <UniqueIdentifier>{8E41214B-6785-4CFE-B992-037D68949A14}</UniqueIdentifier>
      <Extensions>inf;inv;inx;mof;mc;</Extensions>
    </Filter>
    <Filter Include="Helper">
      <UniqueIdentifier>{7735c8c0-683c-4a51-b8c0-c6d84789da97}</UniqueIdentifier>
    </Filter>
    <Filter Include="FackSSDT">
      <UniqueIdentifier>{f21a3a51-9fee-45c0-9e8a-cb6b179a0b43}</UniqueIdentifier>
    </Filter>
    <Filter Include="BlackWhiteHashTable">
      <UniqueIdentifier>{8cc1b0af-2d47-480d-929f-767cae66edd4}</UniqueIdentifier>
    </Filter>
    <Filter Include="FilterProcedure">
      <UniqueIdentifier>{4e8e27ad-9cc6-4536-b4ef-f119cd316c3a}</UniqueIdentifier>
    </Filter>
  </ItemGroup>
  <ItemGroup>
    <None Include="ReadMe.txt" />
  </ItemGroup>
  <ItemGroup>
    <Inf Include="ActiveDefenceDriver.inf">
      <Filter>Driver Files</Filter>
    </Inf>
  </ItemGroup>
  <ItemGroup>
    <ClInclude Include="Device.h">
      <Filter>Header Files</Filter>
    </ClInclude>
    <ClInclude Include="Driver.h">
      <Filter>Header Files</Filter>
    </ClInclude>
    <ClInclude Include="Public.h">
      <Filter>Header Files</Filter>
    </ClInclude>
    <ClInclude Include="Queue.h">
      <Filter>Header Files</Filter>
    </ClInclude>
    <ClInclude Include="Trace.h">
      <Filter>Header Files</Filter>
    </ClInclude>
    <ClInclude Include="StringHelper.h">
      <Filter>Helper</Filter>
    </ClInclude>
    <ClInclude Include="SystemHelper.h">
      <Filter>Helper</Filter>
    </ClInclude>
    <ClInclude Include="MemoryHelper.h">
      <Filter>Helper</Filter>
    </ClInclude>
    <ClInclude Include="HookHelper.h">
      <Filter>Helper</Filter>
    </ClInclude>
    <ClInclude Include="BlackWhiteHashTable.h">
      <Filter>BlackWhiteHashTable</Filter>
    </ClInclude>
    <ClInclude Include="FackSSDT.h">
      <Filter>FackSSDT</Filter>
    </ClInclude>
    <ClInclude Include="FilterProcedure.h">
      <Filter>FilterProcedure</Filter>
    </ClInclude>
    <ClInclude Include="EventHelper.h">
      <Filter>Helper</Filter>
    </ClInclude>
    <ClInclude Include="GlobalVarible.h">
      <Filter>Header Files</Filter>
    </ClInclude>
  </ItemGroup>
  <ItemGroup>
    <ClCompile Include="Device.c">
      <Filter>Source Files</Filter>
    </ClCompile>
    <ClCompile Include="Driver.c">
      <Filter>Source Files</Filter>
    </ClCompile>
    <ClCompile Include="Queue.c">
      <Filter>Source Files</Filter>
    </ClCompile>
    <ClCompile Include="StringHelper.cpp">
      <Filter>Helper</Filter>
    </ClCompile>
    <ClCompile Include="SystemHelper.cpp">
      <Filter>Helper</Filter>
    </ClCompile>
    <ClCompile Include="HookHelper.cpp">
      <Filter>Helper</Filter>
    </ClCompile>
    <ClCompile Include="MemoryHelper.cpp">
      <Filter>Helper</Filter>
    </ClCompile>
    <ClCompile Include="FackSSDT.cpp">
      <Filter>FackSSDT</Filter>
    </ClCompile>
    <ClCompile Include="BlackWhiteHashTable.cpp">
      <Filter>BlackWhiteHashTable</Filter>
    </ClCompile>
    <ClCompile Include="FilterProcedure.cpp">
      <Filter>FilterProcedure</Filter>
    </ClCompile>
    <ClCompile Include="EventHelper.cpp">
      <Filter>Helper</Filter>
    </ClCompile>
  </ItemGroup>
</Project>